// !$*UTF8*$!
{
	archiveVersion = 1;
	classes = {
	};
	objectVersion = 46;
	objects = {

/* Begin PBXBuildFile section */
		620B0328156638C500420FF7 /* anmitu.JPG in Resources */ = {isa = PBXBuildFile; fileRef = 620B0321156638C500420FF7 /* anmitu.JPG */; };
		620B0329156638C500420FF7 /* cake.jpg in Resources */ = {isa = PBXBuildFile; fileRef = 620B0322156638C500420FF7 /* cake.jpg */; };
		620B032A156638C500420FF7 /* cookie.jpg in Resources */ = {isa = PBXBuildFile; fileRef = 620B0323156638C500420FF7 /* cookie.jpg */; };
		620B032B156638C500420FF7 /* daihuku.jpeg in Resources */ = {isa = PBXBuildFile; fileRef = 620B0324156638C500420FF7 /* daihuku.jpeg */; };
		620B032C156638C500420FF7 /* do-natu.jpg in Resources */ = {isa = PBXBuildFile; fileRef = 620B0325156638C500420FF7 /* do-natu.jpg */; };
		620B032D156638C500420FF7 /* ice.jpeg in Resources */ = {isa = PBXBuildFile; fileRef = 620B0326156638C500420FF7 /* ice.jpeg */; };
		620B032E156638C500420FF7 /* youkan.jpg in Resources */ = {isa = PBXBuildFile; fileRef = 620B0327156638C500420FF7 /* youkan.jpg */; };
		6230E2691564E32200D73548 /* UIKit.framework in Frameworks */ = {isa = PBXBuildFile; fileRef = 6230E2681564E32200D73548 /* UIKit.framework */; };
		6230E26B1564E32200D73548 /* Foundation.framework in Frameworks */ = {isa = PBXBuildFile; fileRef = 6230E26A1564E32200D73548 /* Foundation.framework */; };
		6230E26D1564E32200D73548 /* CoreGraphics.framework in Frameworks */ = {isa = PBXBuildFile; fileRef = 6230E26C1564E32200D73548 /* CoreGraphics.framework */; };
		6230E2731564E32200D73548 /* InfoPlist.strings in Resources */ = {isa = PBXBuildFile; fileRef = 6230E2711564E32200D73548 /* InfoPlist.strings */; };
		6230E2751564E32200D73548 /* main.m in Sources */ = {isa = PBXBuildFile; fileRef = 6230E2741564E32200D73548 /* main.m */; };
		6230E2791564E32200D73548 /* sweetsTableAppDelegate.m in Sources */ = {isa = PBXBuildFile; fileRef = 6230E2781564E32200D73548 /* sweetsTableAppDelegate.m */; };
		6230E27C1564E32200D73548 /* sweetsTableViewController.m in Sources */ = {isa = PBXBuildFile; fileRef = 6230E27B1564E32200D73548 /* sweetsTableViewController.m */; };
		6230E27F1564E32200D73548 /* sweetsTableViewController.xib in Resources */ = {isa = PBXBuildFile; fileRef = 6230E27D1564E32200D73548 /* sweetsTableViewController.xib */; };
/* End PBXBuildFile section */

/* Begin PBXFileReference section */
		620B0321156638C500420FF7 /* anmitu.JPG */ = {isa = PBXFileReference; lastKnownFileType = image.jpeg; path = anmitu.JPG; sourceTree = "<group>"; };
		620B0322156638C500420FF7 /* cake.jpg */ = {isa = PBXFileReference; lastKnownFileType = image.jpeg; path = cake.jpg; sourceTree = "<group>"; };
		620B0323156638C500420FF7 /* cookie.jpg */ = {isa = PBXFileReference; lastKnownFileType = image.jpeg; path = cookie.jpg; sourceTree = "<group>"; };
		620B0324156638C500420FF7 /* daihuku.jpeg */ = {isa = PBXFileReference; lastKnownFileType = image.jpeg; path = daihuku.jpeg; sourceTree = "<group>"; };
		620B0325156638C500420FF7 /* do-natu.jpg */ = {isa = PBXFileReference; lastKnownFileType = image.jpeg; path = "do-natu.jpg"; sourceTree = "<group>"; };
		620B0326156638C500420FF7 /* ice.jpeg */ = {isa = PBXFileReference; lastKnownFileType = image.jpeg; path = ice.jpeg; sourceTree = "<group>"; };
		620B0327156638C500420FF7 /* youkan.jpg */ = {isa = PBXFileReference; lastKnownFileType = image.jpeg; path = youkan.jpg; sourceTree = "<group>"; };
		6230E2641564E32200D73548 /* sweetsTable.app */ = {isa = PBXFileReference; explicitFileType = wrapper.application; includeInIndex = 0; path = sweetsTable.app; sourceTree = BUILT_PRODUCTS_DIR; };
		6230E2681564E32200D73548 /* UIKit.framework */ = {isa = PBXFileReference; lastKnownFileType = wrapper.framework; name = UIKit.framework; path = System/Library/Frameworks/UIKit.framework; sourceTree = SDKROOT; };
		6230E26A1564E32200D73548 /* Foundation.framework */ = {isa = PBXFileReference; lastKnownFileType = wrapper.framework; name = Foundation.framework; path = System/Library/Frameworks/Foundation.framework; sourceTree = SDKROOT; };
		6230E26C1564E32200D73548 /* CoreGraphics.framework */ = {isa = PBXFileReference; lastKnownFileType = wrapper.framework; name = CoreGraphics.framework; path = System/Library/Frameworks/CoreGraphics.framework; sourceTree = SDKROOT; };
		6230E2701564E32200D73548 /* sweetsTable-Info.plist */ = {isa = PBXFileReference; lastKnownFileType = text.plist.xml; path = "sweetsTable-Info.plist"; sourceTree = "<group>"; };
		6230E2721564E32200D73548 /* en */ = {isa = PBXFileReference; lastKnownFileType = text.plist.strings; name = en; path = en.lproj/InfoPlist.strings; sourceTree = "<group>"; };
		6230E2741564E32200D73548 /* main.m */ = {isa = PBXFileReference; lastKnownFileType = sourcecode.c.objc; path = main.m; sourceTree = "<group>"; };
		6230E2761564E32200D73548 /* sweetsTable-Prefix.pch */ = {isa = PBXFileReference; lastKnownFileType = sourcecode.c.h; path = "sweetsTable-Prefix.pch"; sourceTree = "<group>"; };
		6230E2771564E32200D73548 /* sweetsTableAppDelegate.h */ = {isa = PBXFileReference; lastKnownFileType = sourcecode.c.h; path = sweetsTableAppDelegate.h; sourceTree = "<group>"; };
		6230E2781564E32200D73548 /* sweetsTableAppDelegate.m */ = {isa = PBXFileReference; lastKnownFileType = sourcecode.c.objc; path = sweetsTableAppDelegate.m; sourceTree = "<group>"; };
		6230E27A1564E32200D73548 /* sweetsTableViewController.h */ = {isa = PBXFileReference; lastKnownFileType = sourcecode.c.h; path = sweetsTableViewController.h; sourceTree = "<group>"; };
		6230E27B1564E32200D73548 /* sweetsTableViewController.m */ = {isa = PBXFileReference; lastKnownFileType = sourcecode.c.objc; path = sweetsTableViewController.m; sourceTree = "<group>"; };
		6230E27E1564E32200D73548 /* en */ = {isa = PBXFileReference; lastKnownFileType = file.xib; name = en; path = en.lproj/sweetsTableViewController.xib; sourceTree = "<group>"; };
/* End PBXFileReference section */

/* Begin PBXFrameworksBuildPhase section */
		6230E2611564E32200D73548 /* Frameworks */ = {
			isa = PBXFrameworksBuildPhase;
			buildActionMask = 2147483647;
			files = (
				6230E2691564E32200D73548 /* UIKit.framework in Frameworks */,
				6230E26B1564E32200D73548 /* Foundation.framework in Frameworks */,
				6230E26D1564E32200D73548 /* CoreGraphics.framework in Frameworks */,
			);
			runOnlyForDeploymentPostprocessing = 0;
		};
/* End PBXFrameworksBuildPhase section */

/* Begin PBXGroup section */
		6230E2591564E32200D73548 = {
			isa = PBXGroup;
			children = (
				6230E26E1564E32200D73548 /* sweetsTable */,
				6230E2671564E32200D73548 /* Frameworks */,
				6230E2651564E32200D73548 /* Products */,
			);
			sourceTree = "<group>";
		};
		6230E2651564E32200D73548 /* Products */ = {
			isa = PBXGroup;
			children = (
				6230E2641564E32200D73548 /* sweetsTable.app */,
			);
			name = Products;
			sourceTree = "<group>";
		};
		6230E2671564E32200D73548 /* Frameworks */ = {
			isa = PBXGroup;
			children = (
				6230E2681564E32200D73548 /* UIKit.framework */,
				6230E26A1564E32200D73548 /* Foundation.framework */,
				6230E26C1564E32200D73548 /* CoreGraphics.framework */,
			);
			name = Frameworks;
			sourceTree = "<group>";
		};
		6230E26E1564E32200D73548 /* sweetsTable */ = {
			isa = PBXGroup;
			children = (
				6230E2771564E32200D73548 /* sweetsTableAppDelegate.h */,
				6230E2781564E32200D73548 /* sweetsTableAppDelegate.m */,
				6230E27A1564E32200D73548 /* sweetsTableViewController.h */,
				6230E27B1564E32200D73548 /* sweetsTableViewController.m */,
				6230E27D1564E32200D73548 /* sweetsTableViewController.xib */,
				6230E26F1564E32200D73548 /* Supporting Files */,
			);
			path = sweetsTable;
			sourceTree = "<group>";
		};
		6230E26F1564E32200D73548 /* Supporting Files */ = {
			isa = PBXGroup;
			children = (
				620B0321156638C500420FF7 /* anmitu.JPG */,
				620B0322156638C500420FF7 /* cake.jpg */,
				620B0323156638C500420FF7 /* cookie.jpg */,
				620B0324156638C500420FF7 /* daihuku.jpeg */,
				620B0325156638C500420FF7 /* do-natu.jpg */,
				620B0326156638C500420FF7 /* ice.jpeg */,
				620B0327156638C500420FF7 /* youkan.jpg */,
				6230E2701564E32200D73548 /* sweetsTable-Info.plist */,
				6230E2711564E32200D73548 /* InfoPlist.strings */,
				6230E2741564E32200D73548 /* main.m */,
				6230E2761564E32200D73548 /* sweetsTable-Prefix.pch */,
			);
			name = "Supporting Files";
			sourceTree = "<group>";
		};
/* End PBXGroup section */

/* Begin PBXNativeTarget section */
		6230E2631564E32200D73548 /* sweetsTable */ = {
			isa = PBXNativeTarget;
			buildConfigurationList = 6230E2821564E32200D73548 /* Build configuration list for PBXNativeTarget "sweetsTable" */;
			buildPhases = (
				6230E2601564E32200D73548 /* Sources */,
				6230E2611564E32200D73548 /* Frameworks */,
				6230E2621564E32200D73548 /* Resources */,
			);
			buildRules = (
			);
			dependencies = (
			);
			name = sweetsTable;
			productName = sweetsTable;
			productReference = 6230E2641564E32200D73548 /* sweetsTable.app */;
			productType = "com.apple.product-type.application";
		};
/* End PBXNativeTarget section */

/* Begin PBXProject section */
		6230E25B1564E32200D73548 /* Project object */ = {
			isa = PBXProject;
			attributes = {
				CLASSPREFIX = sweetsTable;
				LastUpgradeCheck = 0430;
				ORGANIZATIONNAME = "小松電機産業株式会社";
			};
			buildConfigurationList = 6230E25E1564E32200D73548 /* Build configuration list for PBXProject "sweetsTable" */;
			compatibilityVersion = "Xcode 3.2";
			developmentRegion = English;
			hasScannedForEncodings = 0;
			knownRegions = (
				en,
			);
			mainGroup = 6230E2591564E32200D73548;
			productRefGroup = 6230E2651564E32200D73548 /* Products */;
			projectDirPath = "";
			projectRoot = "";
			targets = (
				6230E2631564E32200D73548 /* sweetsTable */,
			);
		};
/* End PBXProject section */

/* Begin PBXResourcesBuildPhase section */
		6230E2621564E32200D73548 /* Resources */ = {
			isa = PBXResourcesBuildPhase;
			buildActionMask = 2147483647;
			files = (
				6230E2731564E32200D73548 /* InfoPlist.strings in Resources */,
				6230E27F1564E32200D73548 /* sweetsTableViewController.xib in Resources */,
				620B0328156638C500420FF7 /* anmitu.JPG in Resources */,
				620B0329156638C500420FF7 /* cake.jpg in Resources */,
				620B032A156638C500420FF7 /* cookie.jpg in Resources */,
				620B032B156638C500420FF7 /* daihuku.jpeg in Resources */,
				620B032C156638C500420FF7 /* do-natu.jpg in Resources */,
				620B032D156638C500420FF7 /* ice.jpeg in Resources */,
				620B032E156638C500420FF7 /* youkan.jpg in Resources */,
			);
			runOnlyForDeploymentPostprocessing = 0;
		};
/* End PBXResourcesBuildPhase section */

/* Begin PBXSourcesBuildPhase section */
		6230E2601564E32200D73548 /* Sources */ = {
			isa = PBXSourcesBuildPhase;
			buildActionMask = 2147483647;
			files = (
				6230E2751564E32200D73548 /* main.m in Sources */,
				6230E2791564E32200D73548 /* sweetsTableAppDelegate.m in Sources */,
				6230E27C1564E32200D73548 /* sweetsTableViewController.m in Sources */,
			);
			runOnlyForDeploymentPostprocessing = 0;
		};
/* End PBXSourcesBuildPhase section */

/* Begin PBXVariantGroup section */
		6230E2711564E32200D73548 /* InfoPlist.strings */ = {
			isa = PBXVariantGroup;
			children = (
				6230E2721564E32200D73548 /* en */,
			);
			name = InfoPlist.strings;
			sourceTree = "<group>";
		};
		6230E27D1564E32200D73548 /* sweetsTableViewController.xib */ = {
			isa = PBXVariantGroup;
			children = (
				6230E27E1564E32200D73548 /* en */,
			);
			name = sweetsTableViewController.xib;
			sourceTree = "<group>";
		};
/* End PBXVariantGroup section */

/* Begin XCBuildConfiguration section */
		6230E2801564E32200D73548 /* Debug */ = {
			isa = XCBuildConfiguration;
			buildSettings = {
				ALWAYS_SEARCH_USER_PATHS = NO;
				ARCHS = "$(ARCHS_STANDARD_32_BIT)";
				CLANG_ENABLE_OBJC_ARC = YES;
				"CODE_SIGN_IDENTITY[sdk=iphoneos*]" = "iPhone Developer";
				COPY_PHASE_STRIP = NO;
				GCC_C_LANGUAGE_STANDARD = gnu99;
				GCC_DYNAMIC_NO_PIC = NO;
				GCC_OPTIMIZATION_LEVEL = 0;
				GCC_PREPROCESSOR_DEFINITIONS = (
					"DEBUG=1",
					"$(inherited)",
				);
				GCC_SYMBOLS_PRIVATE_EXTERN = NO;
				GCC_VERSION = com.apple.compilers.llvm.clang.1_0;
				GCC_WARN_ABOUT_RETURN_TYPE = YES;
				GCC_WARN_UNINITIALIZED_AUTOS = YES;
				GCC_WARN_UNUSED_VARIABLE = YES;
				IPHONEOS_DEPLOYMENT_TARGET = 5.1;
				SDKROOT = iphoneos;
			};
			name = Debug;
		};
		6230E2811564E32200D73548 /* Release */ = {
			isa = XCBuildConfiguration;
			buildSettings = {
				ALWAYS_SEARCH_USER_PATHS = NO;
				ARCHS = "$(ARCHS_STANDARD_32_BIT)";
				CLANG_ENABLE_OBJC_ARC = YES;
				"CODE_SIGN_IDENTITY[sdk=iphoneos*]" = "iPhone Developer";
				COPY_PHASE_STRIP = YES;
				GCC_C_LANGUAGE_STANDARD = gnu99;
				GCC_VERSION = com.apple.compilers.llvm.clang.1_0;
				GCC_WARN_ABOUT_RETURN_TYPE = YES;
				GCC_WARN_UNINITIALIZED_AUTOS = YES;
				GCC_WARN_UNUSED_VARIABLE = YES;
				IPHONEOS_DEPLOYMENT_TARGET = 5.1;
				OTHER_CFLAGS = "-DNS_BLOCK_ASSERTIONS=1";
				SDKROOT = iphoneos;
				VALIDATE_PRODUCT = YES;
			};
			name = Release;
		};
		6230E2831564E32200D73548 /* Debug */ = {
			isa = XCBuildConfiguration;
			buildSettings = {
				GCC_PRECOMPILE_PREFIX_HEADER = YES;
				GCC_PREFIX_HEADER = "sweetsTable/sweetsTable-Prefix.pch";
				INFOPLIST_FILE = "sweetsTable/sweetsTable-Info.plist";
				PRODUCT_NAME = "$(TARGET_NAME)";
				WRAPPER_EXTENSION = app;
			};
			name = Debug;
		};
		6230E2841564E32200D73548 /* Release */ = {
			isa = XCBuildConfiguration;
			buildSettings = {
				GCC_PRECOMPILE_PREFIX_HEADER = YES;
				GCC_PREFIX_HEADER = "sweetsTable/sweetsTable-Prefix.pch";
				INFOPLIST_FILE = "sweetsTable/sweetsTable-Info.plist";
				PRODUCT_NAME = "$(TARGET_NAME)";
				WRAPPER_EXTENSION = app;
			};
			name = Release;
		};
/* End XCBuildConfiguration section */

/* Begin XCConfigurationList section */
		6230E25E1564E32200D73548 /* Build configuration list for PBXProject "sweetsTable" */ = {
			isa = XCConfigurationList;
			buildConfigurations = (
				6230E2801564E32200D73548 /* Debug */,
				6230E2811564E32200D73548 /* Release */,
			);
			defaultConfigurationIsVisible = 0;
			defaultConfigurationName = Release;
		};
		6230E2821564E32200D73548 /* Build configuration list for PBXNativeTarget "sweetsTable" */ = {
			isa = XCConfigurationList;
			buildConfigurations = (
				6230E2831564E32200D73548 /* Debug */,
				6230E2841564E32200D73548 /* Release */,
			);
			defaultConfigurationIsVisible = 0;
			defaultConfigurationName = Release;
		};
/* End XCConfigurationList section */
	};
	rootObject = 6230E25B1564E32200D73548 /* Project object */;
}
