// !$*UTF8*$!
{
	archiveVersion = 1;
	classes = {
	};
	objectVersion = 46;
	objects = {

/* Begin PBXBuildFile section */
		62FABEBB156C86ED00D26D27 /* UIKit.framework in Frameworks */ = {isa = PBXBuildFile; fileRef = 62FABEBA156C86ED00D26D27 /* UIKit.framework */; };
		62FABEBD156C86ED00D26D27 /* Foundation.framework in Frameworks */ = {isa = PBXBuildFile; fileRef = 62FABEBC156C86ED00D26D27 /* Foundation.framework */; };
		62FABEBF156C86ED00D26D27 /* CoreGraphics.framework in Frameworks */ = {isa = PBXBuildFile; fileRef = 62FABEBE156C86ED00D26D27 /* CoreGraphics.framework */; };
		62FABEC5156C86ED00D26D27 /* InfoPlist.strings in Resources */ = {isa = PBXBuildFile; fileRef = 62FABEC3156C86ED00D26D27 /* InfoPlist.strings */; };
		62FABEC7156C86ED00D26D27 /* main.m in Sources */ = {isa = PBXBuildFile; fileRef = 62FABEC6156C86ED00D26D27 /* main.m */; };
		62FABECB156C86ED00D26D27 /* RURIAppDelegate.m in Sources */ = {isa = PBXBuildFile; fileRef = 62FABECA156C86ED00D26D27 /* RURIAppDelegate.m */; };
		62FABECE156C86ED00D26D27 /* RURIViewController.m in Sources */ = {isa = PBXBuildFile; fileRef = 62FABECD156C86ED00D26D27 /* RURIViewController.m */; };
		62FABED1156C86ED00D26D27 /* RURIViewController.xib in Resources */ = {isa = PBXBuildFile; fileRef = 62FABECF156C86ED00D26D27 /* RURIViewController.xib */; };
/* End PBXBuildFile section */

/* Begin PBXFileReference section */
		62FABEB6156C86ED00D26D27 /* AlbunNavTable.app */ = {isa = PBXFileReference; explicitFileType = wrapper.application; includeInIndex = 0; path = AlbunNavTable.app; sourceTree = BUILT_PRODUCTS_DIR; };
		62FABEBA156C86ED00D26D27 /* UIKit.framework */ = {isa = PBXFileReference; lastKnownFileType = wrapper.framework; name = UIKit.framework; path = System/Library/Frameworks/UIKit.framework; sourceTree = SDKROOT; };
		62FABEBC156C86ED00D26D27 /* Foundation.framework */ = {isa = PBXFileReference; lastKnownFileType = wrapper.framework; name = Foundation.framework; path = System/Library/Frameworks/Foundation.framework; sourceTree = SDKROOT; };
		62FABEBE156C86ED00D26D27 /* CoreGraphics.framework */ = {isa = PBXFileReference; lastKnownFileType = wrapper.framework; name = CoreGraphics.framework; path = System/Library/Frameworks/CoreGraphics.framework; sourceTree = SDKROOT; };
		62FABEC2156C86ED00D26D27 /* AlbunNavTable-Info.plist */ = {isa = PBXFileReference; path = "AlbunNavTable-Info.plist"; sourceTree = "<group>"; };
		62FABEC4156C86ED00D26D27 /* en */ = {isa = PBXFileReference; lastKnownFileType = text.plist.strings; name = en; path = en.lproj/InfoPlist.strings; sourceTree = "<group>"; };
		62FABEC6156C86ED00D26D27 /* main.m */ = {isa = PBXFileReference; lastKnownFileType = sourcecode.c.objc; path = main.m; sourceTree = "<group>"; };
		62FABEC8156C86ED00D26D27 /* AlbunNavTable-Prefix.pch */ = {isa = PBXFileReference; path = "AlbunNavTable-Prefix.pch"; sourceTree = "<group>"; };
		62FABEC9156C86ED00D26D27 /* RURIAppDelegate.h */ = {isa = PBXFileReference; path = RURIAppDelegate.h; sourceTree = "<group>"; };
		62FABECA156C86ED00D26D27 /* RURIAppDelegate.m */ = {isa = PBXFileReference; lastKnownFileType = sourcecode.c.objc; path = RURIAppDelegate.m; sourceTree = "<group>"; };
		62FABECC156C86ED00D26D27 /* RURIViewController.h */ = {isa = PBXFileReference; path = RURIViewController.h; sourceTree = "<group>"; };
		62FABECD156C86ED00D26D27 /* RURIViewController.m */ = {isa = PBXFileReference; lastKnownFileType = sourcecode.c.objc; path = RURIViewController.m; sourceTree = "<group>"; };
		62FABED0156C86ED00D26D27 /* en */ = {isa = PBXFileReference; lastKnownFileType = file.xib; name = en; path = en.lproj/RURIViewController.xib; sourceTree = "<group>"; };
/* End PBXFileReference section */

/* Begin PBXFrameworksBuildPhase section */
		62FABEB3156C86ED00D26D27 /* Frameworks */ = {
			isa = PBXFrameworksBuildPhase;
			buildActionMask = 2147483647;
			files = (
				62FABEBB156C86ED00D26D27 /* UIKit.framework in Frameworks */,
				62FABEBD156C86ED00D26D27 /* Foundation.framework in Frameworks */,
				62FABEBF156C86ED00D26D27 /* CoreGraphics.framework in Frameworks */,
			);
			runOnlyForDeploymentPostprocessing = 0;
		};
/* End PBXFrameworksBuildPhase section */

/* Begin PBXGroup section */
		62FABEAB156C86ED00D26D27 = {
			isa = PBXGroup;
			children = (
				62FABEC0156C86ED00D26D27 /* AlbunNavTable */,
				62FABEB9156C86ED00D26D27 /* Frameworks */,
				62FABEB7156C86ED00D26D27 /* Products */,
			);
			sourceTree = "<group>";
		};
		62FABEB7156C86ED00D26D27 /* Products */ = {
			isa = PBXGroup;
			children = (
				62FABEB6156C86ED00D26D27 /* AlbunNavTable.app */,
			);
			name = Products;
			sourceTree = "<group>";
		};
		62FABEB9156C86ED00D26D27 /* Frameworks */ = {
			isa = PBXGroup;
			children = (
				62FABEBA156C86ED00D26D27 /* UIKit.framework */,
				62FABEBC156C86ED00D26D27 /* Foundation.framework */,
				62FABEBE156C86ED00D26D27 /* CoreGraphics.framework */,
			);
			name = Frameworks;
			sourceTree = "<group>";
		};
		62FABEC0156C86ED00D26D27 /* AlbunNavTable */ = {
			isa = PBXGroup;
			children = (
				62FABEC9156C86ED00D26D27 /* RURIAppDelegate.h */,
				62FABECA156C86ED00D26D27 /* RURIAppDelegate.m */,
				62FABECC156C86ED00D26D27 /* RURIViewController.h */,
				62FABECD156C86ED00D26D27 /* RURIViewController.m */,
				62FABECF156C86ED00D26D27 /* RURIViewController.xib */,
				62FABEC1156C86ED00D26D27 /* Supporting Files */,
			);
			path = AlbunNavTable;
			sourceTree = "<group>";
		};
		62FABEC1156C86ED00D26D27 /* Supporting Files */ = {
			isa = PBXGroup;
			children = (
				62FABEC2156C86ED00D26D27 /* AlbunNavTable-Info.plist */,
				62FABEC3156C86ED00D26D27 /* InfoPlist.strings */,
				62FABEC6156C86ED00D26D27 /* main.m */,
				62FABEC8156C86ED00D26D27 /* AlbunNavTable-Prefix.pch */,
			);
			name = "Supporting Files";
			sourceTree = "<group>";
		};
/* End PBXGroup section */

/* Begin PBXNativeTarget section */
		62FABEB5156C86ED00D26D27 /* AlbunNavTable */ = {
			isa = PBXNativeTarget;
			buildConfigurationList = 62FABED4156C86ED00D26D27 /* Build configuration list for PBXNativeTarget "AlbunNavTable" */;
			buildPhases = (
				62FABEB2156C86ED00D26D27 /* Sources */,
				62FABEB3156C86ED00D26D27 /* Frameworks */,
				62FABEB4156C86ED00D26D27 /* Resources */,
			);
			buildRules = (
			);
			dependencies = (
			);
			name = AlbunNavTable;
			productName = AlbunNavTable;
			productReference = 62FABEB6156C86ED00D26D27 /* AlbunNavTable.app */;
			productType = "com.apple.product-type.application";
		};
/* End PBXNativeTarget section */

/* Begin PBXProject section */
		62FABEAD156C86ED00D26D27 /* Project object */ = {
			isa = PBXProject;
			attributes = {
				CLASSPREFIX = RURI;
				LastUpgradeCheck = 0430;
				ORGANIZATIONNAME = "小松電機産業株式会社";
			};
			buildConfigurationList = 62FABEB0156C86ED00D26D27 /* Build configuration list for PBXProject "AlbunNavTable" */;
			compatibilityVersion = "Xcode 3.2";
			developmentRegion = English;
			hasScannedForEncodings = 0;
			knownRegions = (
				en,
			);
			mainGroup = 62FABEAB156C86ED00D26D27;
			productRefGroup = 62FABEB7156C86ED00D26D27 /* Products */;
			projectDirPath = "";
			projectRoot = "";
			targets = (
				62FABEB5156C86ED00D26D27 /* AlbunNavTable */,
			);
		};
/* End PBXProject section */

/* Begin PBXResourcesBuildPhase section */
		62FABEB4156C86ED00D26D27 /* Resources */ = {
			isa = PBXResourcesBuildPhase;
			buildActionMask = 2147483647;
			files = (
				62FABEC5156C86ED00D26D27 /* InfoPlist.strings in Resources */,
				62FABED1156C86ED00D26D27 /* RURIViewController.xib in Resources */,
			);
			runOnlyForDeploymentPostprocessing = 0;
		};
/* End PBXResourcesBuildPhase section */

/* Begin PBXSourcesBuildPhase section */
		62FABEB2156C86ED00D26D27 /* Sources */ = {
			isa = PBXSourcesBuildPhase;
			buildActionMask = 2147483647;
			files = (
				62FABEC7156C86ED00D26D27 /* main.m in Sources */,
				62FABECB156C86ED00D26D27 /* RURIAppDelegate.m in Sources */,
				62FABECE156C86ED00D26D27 /* RURIViewController.m in Sources */,
			);
			runOnlyForDeploymentPostprocessing = 0;
		};
/* End PBXSourcesBuildPhase section */

/* Begin PBXVariantGroup section */
		62FABEC3156C86ED00D26D27 /* InfoPlist.strings */ = {
			isa = PBXVariantGroup;
			children = (
				62FABEC4156C86ED00D26D27 /* en */,
			);
			name = InfoPlist.strings;
			sourceTree = "<group>";
		};
		62FABECF156C86ED00D26D27 /* RURIViewController.xib */ = {
			isa = PBXVariantGroup;
			children = (
				62FABED0156C86ED00D26D27 /* en */,
			);
			name = RURIViewController.xib;
			sourceTree = "<group>";
		};
/* End PBXVariantGroup section */

/* Begin XCBuildConfiguration section */
		62FABED2156C86ED00D26D27 /* Debug */ = {
			isa = XCBuildConfiguration;
			buildSettings = {
				ALWAYS_SEARCH_USER_PATHS = NO;
				ARCHS = "$(ARCHS_STANDARD_32_BIT)";
				CLANG_ENABLE_OBJC_ARC = YES;
				"CODE_SIGN_IDENTITY[sdk=iphoneos*]" = "iPhone Developer";
				COPY_PHASE_STRIP = NO;
				GCC_C_LANGUAGE_STANDARD = gnu99;
				GCC_DYNAMIC_NO_PIC = NO;
				GCC_OPTIMIZATION_LEVEL = 0;
				GCC_PREPROCESSOR_DEFINITIONS = (
					"DEBUG=1",
					"$(inherited)",
				);
				GCC_SYMBOLS_PRIVATE_EXTERN = NO;
				GCC_VERSION = com.apple.compilers.llvm.clang.1_0;
				GCC_WARN_ABOUT_RETURN_TYPE = YES;
				GCC_WARN_UNINITIALIZED_AUTOS = YES;
				GCC_WARN_UNUSED_VARIABLE = YES;
				IPHONEOS_DEPLOYMENT_TARGET = 5.1;
				SDKROOT = iphoneos;
			};
			name = Debug;
		};
		62FABED3156C86ED00D26D27 /* Release */ = {
			isa = XCBuildConfiguration;
			buildSettings = {
				ALWAYS_SEARCH_USER_PATHS = NO;
				ARCHS = "$(ARCHS_STANDARD_32_BIT)";
				CLANG_ENABLE_OBJC_ARC = YES;
				"CODE_SIGN_IDENTITY[sdk=iphoneos*]" = "iPhone Developer";
				COPY_PHASE_STRIP = YES;
				GCC_C_LANGUAGE_STANDARD = gnu99;
				GCC_VERSION = com.apple.compilers.llvm.clang.1_0;
				GCC_WARN_ABOUT_RETURN_TYPE = YES;
				GCC_WARN_UNINITIALIZED_AUTOS = YES;
				GCC_WARN_UNUSED_VARIABLE = YES;
				IPHONEOS_DEPLOYMENT_TARGET = 5.1;
				OTHER_CFLAGS = "-DNS_BLOCK_ASSERTIONS=1";
				SDKROOT = iphoneos;
				VALIDATE_PRODUCT = YES;
			};
			name = Release;
		};
		62FABED5156C86ED00D26D27 /* Debug */ = {
			isa = XCBuildConfiguration;
			buildSettings = {
				GCC_PRECOMPILE_PREFIX_HEADER = YES;
				GCC_PREFIX_HEADER = "AlbunNavTable/AlbunNavTable-Prefix.pch";
				INFOPLIST_FILE = "AlbunNavTable/AlbunNavTable-Info.plist";
				PRODUCT_NAME = "$(TARGET_NAME)";
				WRAPPER_EXTENSION = app;
			};
			name = Debug;
		};
		62FABED6156C86ED00D26D27 /* Release */ = {
			isa = XCBuildConfiguration;
			buildSettings = {
				GCC_PRECOMPILE_PREFIX_HEADER = YES;
				GCC_PREFIX_HEADER = "AlbunNavTable/AlbunNavTable-Prefix.pch";
				INFOPLIST_FILE = "AlbunNavTable/AlbunNavTable-Info.plist";
				PRODUCT_NAME = "$(TARGET_NAME)";
				WRAPPER_EXTENSION = app;
			};
			name = Release;
		};
/* End XCBuildConfiguration section */

/* Begin XCConfigurationList section */
		62FABEB0156C86ED00D26D27 /* Build configuration list for PBXProject "AlbunNavTable" */ = {
			isa = XCConfigurationList;
			buildConfigurations = (
				62FABED2156C86ED00D26D27 /* Debug */,
				62FABED3156C86ED00D26D27 /* Release */,
			);
			defaultConfigurationIsVisible = 0;
			defaultConfigurationName = Release;
		};
		62FABED4156C86ED00D26D27 /* Build configuration list for PBXNativeTarget "AlbunNavTable" */ = {
			isa = XCConfigurationList;
			buildConfigurations = (
				62FABED5156C86ED00D26D27 /* Debug */,
				62FABED6156C86ED00D26D27 /* Release */,
			);
			defaultConfigurationIsVisible = 0;
		};
/* End XCConfigurationList section */
	};
	rootObject = 62FABEAD156C86ED00D26D27 /* Project object */;
}
