// !$*UTF8*$!
{
	archiveVersion = 1;
	classes = {
	};
	objectVersion = 46;
	objects = {

/* Begin PBXBuildFile section */
		ABF4453B1568CCCA005EFC44 /* UIKit.framework in Frameworks */ = {isa = PBXBuildFile; fileRef = ABF4453A1568CCCA005EFC44 /* UIKit.framework */; };
		ABF4453D1568CCCA005EFC44 /* Foundation.framework in Frameworks */ = {isa = PBXBuildFile; fileRef = ABF4453C1568CCCA005EFC44 /* Foundation.framework */; };
		ABF4453F1568CCCA005EFC44 /* CoreGraphics.framework in Frameworks */ = {isa = PBXBuildFile; fileRef = ABF4453E1568CCCA005EFC44 /* CoreGraphics.framework */; };
		ABF445451568CCCA005EFC44 /* InfoPlist.strings in Resources */ = {isa = PBXBuildFile; fileRef = ABF445431568CCCA005EFC44 /* InfoPlist.strings */; };
		ABF445471568CCCA005EFC44 /* main.m in Sources */ = {isa = PBXBuildFile; fileRef = ABF445461568CCCA005EFC44 /* main.m */; };
		ABF4454B1568CCCA005EFC44 /* animalDownloadTableAppDelegate.m in Sources */ = {isa = PBXBuildFile; fileRef = ABF4454A1568CCCA005EFC44 /* animalDownloadTableAppDelegate.m */; };
		ABF4454E1568CCCA005EFC44 /* MainStoryboard.storyboard in Resources */ = {isa = PBXBuildFile; fileRef = ABF4454C1568CCCA005EFC44 /* MainStoryboard.storyboard */; };
		ABF445511568CCCA005EFC44 /* animalDownloadTableViewController.m in Sources */ = {isa = PBXBuildFile; fileRef = ABF445501568CCCA005EFC44 /* animalDownloadTableViewController.m */; };
		ABF4455D1568CF87005EFC44 /* imageDownloader.m in Sources */ = {isa = PBXBuildFile; fileRef = ABF4455C1568CF87005EFC44 /* imageDownloader.m */; };
/* End PBXBuildFile section */

/* Begin PBXFileReference section */
		ABF445361568CCCA005EFC44 /* animalDownloadTable.app */ = {isa = PBXFileReference; explicitFileType = wrapper.application; includeInIndex = 0; path = animalDownloadTable.app; sourceTree = BUILT_PRODUCTS_DIR; };
		ABF4453A1568CCCA005EFC44 /* UIKit.framework */ = {isa = PBXFileReference; lastKnownFileType = wrapper.framework; name = UIKit.framework; path = System/Library/Frameworks/UIKit.framework; sourceTree = SDKROOT; };
		ABF4453C1568CCCA005EFC44 /* Foundation.framework */ = {isa = PBXFileReference; lastKnownFileType = wrapper.framework; name = Foundation.framework; path = System/Library/Frameworks/Foundation.framework; sourceTree = SDKROOT; };
		ABF4453E1568CCCA005EFC44 /* CoreGraphics.framework */ = {isa = PBXFileReference; lastKnownFileType = wrapper.framework; name = CoreGraphics.framework; path = System/Library/Frameworks/CoreGraphics.framework; sourceTree = SDKROOT; };
		ABF445421568CCCA005EFC44 /* animalDownloadTable-Info.plist */ = {isa = PBXFileReference; lastKnownFileType = text.plist.xml; path = "animalDownloadTable-Info.plist"; sourceTree = "<group>"; };
		ABF445441568CCCA005EFC44 /* en */ = {isa = PBXFileReference; lastKnownFileType = text.plist.strings; name = en; path = en.lproj/InfoPlist.strings; sourceTree = "<group>"; };
		ABF445461568CCCA005EFC44 /* main.m */ = {isa = PBXFileReference; lastKnownFileType = sourcecode.c.objc; path = main.m; sourceTree = "<group>"; };
		ABF445481568CCCA005EFC44 /* animalDownloadTable-Prefix.pch */ = {isa = PBXFileReference; lastKnownFileType = sourcecode.c.h; path = "animalDownloadTable-Prefix.pch"; sourceTree = "<group>"; };
		ABF445491568CCCA005EFC44 /* animalDownloadTableAppDelegate.h */ = {isa = PBXFileReference; lastKnownFileType = sourcecode.c.h; path = animalDownloadTableAppDelegate.h; sourceTree = "<group>"; };
		ABF4454A1568CCCA005EFC44 /* animalDownloadTableAppDelegate.m */ = {isa = PBXFileReference; lastKnownFileType = sourcecode.c.objc; path = animalDownloadTableAppDelegate.m; sourceTree = "<group>"; };
		ABF4454D1568CCCA005EFC44 /* en */ = {isa = PBXFileReference; lastKnownFileType = file.storyboard; name = en; path = en.lproj/MainStoryboard.storyboard; sourceTree = "<group>"; };
		ABF4454F1568CCCA005EFC44 /* animalDownloadTableViewController.h */ = {isa = PBXFileReference; lastKnownFileType = sourcecode.c.h; path = animalDownloadTableViewController.h; sourceTree = "<group>"; };
		ABF445501568CCCA005EFC44 /* animalDownloadTableViewController.m */ = {isa = PBXFileReference; lastKnownFileType = sourcecode.c.objc; path = animalDownloadTableViewController.m; sourceTree = "<group>"; };
		ABF4455B1568CF86005EFC44 /* imageDownloader.h */ = {isa = PBXFileReference; fileEncoding = 4; lastKnownFileType = sourcecode.c.h; path = imageDownloader.h; sourceTree = "<group>"; };
		ABF4455C1568CF87005EFC44 /* imageDownloader.m */ = {isa = PBXFileReference; fileEncoding = 4; lastKnownFileType = sourcecode.c.objc; path = imageDownloader.m; sourceTree = "<group>"; };
/* End PBXFileReference section */

/* Begin PBXFrameworksBuildPhase section */
		ABF445331568CCCA005EFC44 /* Frameworks */ = {
			isa = PBXFrameworksBuildPhase;
			buildActionMask = 2147483647;
			files = (
				ABF4453B1568CCCA005EFC44 /* UIKit.framework in Frameworks */,
				ABF4453D1568CCCA005EFC44 /* Foundation.framework in Frameworks */,
				ABF4453F1568CCCA005EFC44 /* CoreGraphics.framework in Frameworks */,
			);
			runOnlyForDeploymentPostprocessing = 0;
		};
/* End PBXFrameworksBuildPhase section */

/* Begin PBXGroup section */
		ABF4452B1568CCCA005EFC44 = {
			isa = PBXGroup;
			children = (
				ABF445401568CCCA005EFC44 /* animalDownloadTable */,
				ABF445391568CCCA005EFC44 /* Frameworks */,
				ABF445371568CCCA005EFC44 /* Products */,
			);
			sourceTree = "<group>";
		};
		ABF445371568CCCA005EFC44 /* Products */ = {
			isa = PBXGroup;
			children = (
				ABF445361568CCCA005EFC44 /* animalDownloadTable.app */,
			);
			name = Products;
			sourceTree = "<group>";
		};
		ABF445391568CCCA005EFC44 /* Frameworks */ = {
			isa = PBXGroup;
			children = (
				ABF4453A1568CCCA005EFC44 /* UIKit.framework */,
				ABF4453C1568CCCA005EFC44 /* Foundation.framework */,
				ABF4453E1568CCCA005EFC44 /* CoreGraphics.framework */,
			);
			name = Frameworks;
			sourceTree = "<group>";
		};
		ABF445401568CCCA005EFC44 /* animalDownloadTable */ = {
			isa = PBXGroup;
			children = (
				ABF445491568CCCA005EFC44 /* animalDownloadTableAppDelegate.h */,
				ABF4454A1568CCCA005EFC44 /* animalDownloadTableAppDelegate.m */,
				ABF4454C1568CCCA005EFC44 /* MainStoryboard.storyboard */,
				ABF4454F1568CCCA005EFC44 /* animalDownloadTableViewController.h */,
				ABF445501568CCCA005EFC44 /* animalDownloadTableViewController.m */,
				ABF445411568CCCA005EFC44 /* Supporting Files */,
			);
			path = animalDownloadTable;
			sourceTree = "<group>";
		};
		ABF445411568CCCA005EFC44 /* Supporting Files */ = {
			isa = PBXGroup;
			children = (
				ABF445421568CCCA005EFC44 /* animalDownloadTable-Info.plist */,
				ABF445431568CCCA005EFC44 /* InfoPlist.strings */,
				ABF445461568CCCA005EFC44 /* main.m */,
				ABF445481568CCCA005EFC44 /* animalDownloadTable-Prefix.pch */,
				ABF4455B1568CF86005EFC44 /* imageDownloader.h */,
				ABF4455C1568CF87005EFC44 /* imageDownloader.m */,
			);
			name = "Supporting Files";
			sourceTree = "<group>";
		};
/* End PBXGroup section */

/* Begin PBXNativeTarget section */
		ABF445351568CCCA005EFC44 /* animalDownloadTable */ = {
			isa = PBXNativeTarget;
			buildConfigurationList = ABF445541568CCCA005EFC44 /* Build configuration list for PBXNativeTarget "animalDownloadTable" */;
			buildPhases = (
				ABF445321568CCCA005EFC44 /* Sources */,
				ABF445331568CCCA005EFC44 /* Frameworks */,
				ABF445341568CCCA005EFC44 /* Resources */,
			);
			buildRules = (
			);
			dependencies = (
			);
			name = animalDownloadTable;
			productName = animalDownloadTable;
			productReference = ABF445361568CCCA005EFC44 /* animalDownloadTable.app */;
			productType = "com.apple.product-type.application";
		};
/* End PBXNativeTarget section */

/* Begin PBXProject section */
		ABF4452D1568CCCA005EFC44 /* Project object */ = {
			isa = PBXProject;
			attributes = {
				CLASSPREFIX = animalDownloadTable;
				LastUpgradeCheck = 0430;
			};
			buildConfigurationList = ABF445301568CCCA005EFC44 /* Build configuration list for PBXProject "animalDownloadTable" */;
			compatibilityVersion = "Xcode 3.2";
			developmentRegion = English;
			hasScannedForEncodings = 0;
			knownRegions = (
				en,
			);
			mainGroup = ABF4452B1568CCCA005EFC44;
			productRefGroup = ABF445371568CCCA005EFC44 /* Products */;
			projectDirPath = "";
			projectRoot = "";
			targets = (
				ABF445351568CCCA005EFC44 /* animalDownloadTable */,
			);
		};
/* End PBXProject section */

/* Begin PBXResourcesBuildPhase section */
		ABF445341568CCCA005EFC44 /* Resources */ = {
			isa = PBXResourcesBuildPhase;
			buildActionMask = 2147483647;
			files = (
				ABF445451568CCCA005EFC44 /* InfoPlist.strings in Resources */,
				ABF4454E1568CCCA005EFC44 /* MainStoryboard.storyboard in Resources */,
			);
			runOnlyForDeploymentPostprocessing = 0;
		};
/* End PBXResourcesBuildPhase section */

/* Begin PBXSourcesBuildPhase section */
		ABF445321568CCCA005EFC44 /* Sources */ = {
			isa = PBXSourcesBuildPhase;
			buildActionMask = 2147483647;
			files = (
				ABF445471568CCCA005EFC44 /* main.m in Sources */,
				ABF4454B1568CCCA005EFC44 /* animalDownloadTableAppDelegate.m in Sources */,
				ABF445511568CCCA005EFC44 /* animalDownloadTableViewController.m in Sources */,
				ABF4455D1568CF87005EFC44 /* imageDownloader.m in Sources */,
			);
			runOnlyForDeploymentPostprocessing = 0;
		};
/* End PBXSourcesBuildPhase section */

/* Begin PBXVariantGroup section */
		ABF445431568CCCA005EFC44 /* InfoPlist.strings */ = {
			isa = PBXVariantGroup;
			children = (
				ABF445441568CCCA005EFC44 /* en */,
			);
			name = InfoPlist.strings;
			sourceTree = "<group>";
		};
		ABF4454C1568CCCA005EFC44 /* MainStoryboard.storyboard */ = {
			isa = PBXVariantGroup;
			children = (
				ABF4454D1568CCCA005EFC44 /* en */,
			);
			name = MainStoryboard.storyboard;
			sourceTree = "<group>";
		};
/* End PBXVariantGroup section */

/* Begin XCBuildConfiguration section */
		ABF445521568CCCA005EFC44 /* Debug */ = {
			isa = XCBuildConfiguration;
			buildSettings = {
				ALWAYS_SEARCH_USER_PATHS = NO;
				ARCHS = "$(ARCHS_STANDARD_32_BIT)";
				CLANG_ENABLE_OBJC_ARC = YES;
				"CODE_SIGN_IDENTITY[sdk=iphoneos*]" = "iPhone Developer";
				COPY_PHASE_STRIP = NO;
				GCC_C_LANGUAGE_STANDARD = gnu99;
				GCC_DYNAMIC_NO_PIC = NO;
				GCC_OPTIMIZATION_LEVEL = 0;
				GCC_PREPROCESSOR_DEFINITIONS = (
					"DEBUG=1",
					"$(inherited)",
				);
				GCC_SYMBOLS_PRIVATE_EXTERN = NO;
				GCC_VERSION = com.apple.compilers.llvm.clang.1_0;
				GCC_WARN_ABOUT_RETURN_TYPE = YES;
				GCC_WARN_UNINITIALIZED_AUTOS = YES;
				GCC_WARN_UNUSED_VARIABLE = YES;
				IPHONEOS_DEPLOYMENT_TARGET = 5.1;
				SDKROOT = iphoneos;
			};
			name = Debug;
		};
		ABF445531568CCCA005EFC44 /* Release */ = {
			isa = XCBuildConfiguration;
			buildSettings = {
				ALWAYS_SEARCH_USER_PATHS = NO;
				ARCHS = "$(ARCHS_STANDARD_32_BIT)";
				CLANG_ENABLE_OBJC_ARC = YES;
				"CODE_SIGN_IDENTITY[sdk=iphoneos*]" = "iPhone Developer";
				COPY_PHASE_STRIP = YES;
				GCC_C_LANGUAGE_STANDARD = gnu99;
				GCC_VERSION = com.apple.compilers.llvm.clang.1_0;
				GCC_WARN_ABOUT_RETURN_TYPE = YES;
				GCC_WARN_UNINITIALIZED_AUTOS = YES;
				GCC_WARN_UNUSED_VARIABLE = YES;
				IPHONEOS_DEPLOYMENT_TARGET = 5.1;
				OTHER_CFLAGS = "-DNS_BLOCK_ASSERTIONS=1";
				SDKROOT = iphoneos;
				VALIDATE_PRODUCT = YES;
			};
			name = Release;
		};
		ABF445551568CCCA005EFC44 /* Debug */ = {
			isa = XCBuildConfiguration;
			buildSettings = {
				GCC_PRECOMPILE_PREFIX_HEADER = YES;
				GCC_PREFIX_HEADER = "animalDownloadTable/animalDownloadTable-Prefix.pch";
				INFOPLIST_FILE = "animalDownloadTable/animalDownloadTable-Info.plist";
				PRODUCT_NAME = "$(TARGET_NAME)";
				WRAPPER_EXTENSION = app;
			};
			name = Debug;
		};
		ABF445561568CCCA005EFC44 /* Release */ = {
			isa = XCBuildConfiguration;
			buildSettings = {
				GCC_PRECOMPILE_PREFIX_HEADER = YES;
				GCC_PREFIX_HEADER = "animalDownloadTable/animalDownloadTable-Prefix.pch";
				INFOPLIST_FILE = "animalDownloadTable/animalDownloadTable-Info.plist";
				PRODUCT_NAME = "$(TARGET_NAME)";
				WRAPPER_EXTENSION = app;
			};
			name = Release;
		};
/* End XCBuildConfiguration section */

/* Begin XCConfigurationList section */
		ABF445301568CCCA005EFC44 /* Build configuration list for PBXProject "animalDownloadTable" */ = {
			isa = XCConfigurationList;
			buildConfigurations = (
				ABF445521568CCCA005EFC44 /* Debug */,
				ABF445531568CCCA005EFC44 /* Release */,
			);
			defaultConfigurationIsVisible = 0;
			defaultConfigurationName = Release;
		};
		ABF445541568CCCA005EFC44 /* Build configuration list for PBXNativeTarget "animalDownloadTable" */ = {
			isa = XCConfigurationList;
			buildConfigurations = (
				ABF445551568CCCA005EFC44 /* Debug */,
				ABF445561568CCCA005EFC44 /* Release */,
			);
			defaultConfigurationIsVisible = 0;
		};
/* End XCConfigurationList section */
	};
	rootObject = ABF4452D1568CCCA005EFC44 /* Project object */;
}
