// !$*UTF8*$!
{
	archiveVersion = 1;
	classes = {
	};
	objectVersion = 46;
	objects = {

/* Begin PBXBuildFile section */
		62E1A3841569BCAC00E5AEE2 /* UIKit.framework in Frameworks */ = {isa = PBXBuildFile; fileRef = 62E1A3831569BCAC00E5AEE2 /* UIKit.framework */; };
		62E1A3861569BCAC00E5AEE2 /* Foundation.framework in Frameworks */ = {isa = PBXBuildFile; fileRef = 62E1A3851569BCAC00E5AEE2 /* Foundation.framework */; };
		62E1A3881569BCAC00E5AEE2 /* CoreGraphics.framework in Frameworks */ = {isa = PBXBuildFile; fileRef = 62E1A3871569BCAC00E5AEE2 /* CoreGraphics.framework */; };
		62E1A38E1569BCAC00E5AEE2 /* InfoPlist.strings in Resources */ = {isa = PBXBuildFile; fileRef = 62E1A38C1569BCAC00E5AEE2 /* InfoPlist.strings */; };
		62E1A3901569BCAC00E5AEE2 /* main.m in Sources */ = {isa = PBXBuildFile; fileRef = 62E1A38F1569BCAC00E5AEE2 /* main.m */; };
		62E1A3941569BCAC00E5AEE2 /* ChangeViewTestAppDelegate.m in Sources */ = {isa = PBXBuildFile; fileRef = 62E1A3931569BCAC00E5AEE2 /* ChangeViewTestAppDelegate.m */; };
		62E1A3971569BCAC00E5AEE2 /* MainStoryboard.storyboard in Resources */ = {isa = PBXBuildFile; fileRef = 62E1A3951569BCAC00E5AEE2 /* MainStoryboard.storyboard */; };
		62E1A39A1569BCAC00E5AEE2 /* ChangeViewTestViewController.m in Sources */ = {isa = PBXBuildFile; fileRef = 62E1A3991569BCAC00E5AEE2 /* ChangeViewTestViewController.m */; };
/* End PBXBuildFile section */

/* Begin PBXFileReference section */
		62E1A37F1569BCAC00E5AEE2 /* ChangeViewTest.app */ = {isa = PBXFileReference; explicitFileType = wrapper.application; includeInIndex = 0; path = ChangeViewTest.app; sourceTree = BUILT_PRODUCTS_DIR; };
		62E1A3831569BCAC00E5AEE2 /* UIKit.framework */ = {isa = PBXFileReference; lastKnownFileType = wrapper.framework; name = UIKit.framework; path = System/Library/Frameworks/UIKit.framework; sourceTree = SDKROOT; };
		62E1A3851569BCAC00E5AEE2 /* Foundation.framework */ = {isa = PBXFileReference; lastKnownFileType = wrapper.framework; name = Foundation.framework; path = System/Library/Frameworks/Foundation.framework; sourceTree = SDKROOT; };
		62E1A3871569BCAC00E5AEE2 /* CoreGraphics.framework */ = {isa = PBXFileReference; lastKnownFileType = wrapper.framework; name = CoreGraphics.framework; path = System/Library/Frameworks/CoreGraphics.framework; sourceTree = SDKROOT; };
		62E1A38B1569BCAC00E5AEE2 /* ChangeViewTest-Info.plist */ = {isa = PBXFileReference; lastKnownFileType = text.plist.xml; path = "ChangeViewTest-Info.plist"; sourceTree = "<group>"; };
		62E1A38D1569BCAC00E5AEE2 /* en */ = {isa = PBXFileReference; lastKnownFileType = text.plist.strings; name = en; path = en.lproj/InfoPlist.strings; sourceTree = "<group>"; };
		62E1A38F1569BCAC00E5AEE2 /* main.m */ = {isa = PBXFileReference; lastKnownFileType = sourcecode.c.objc; path = main.m; sourceTree = "<group>"; };
		62E1A3911569BCAC00E5AEE2 /* ChangeViewTest-Prefix.pch */ = {isa = PBXFileReference; lastKnownFileType = sourcecode.c.h; path = "ChangeViewTest-Prefix.pch"; sourceTree = "<group>"; };
		62E1A3921569BCAC00E5AEE2 /* ChangeViewTestAppDelegate.h */ = {isa = PBXFileReference; lastKnownFileType = sourcecode.c.h; path = ChangeViewTestAppDelegate.h; sourceTree = "<group>"; };
		62E1A3931569BCAC00E5AEE2 /* ChangeViewTestAppDelegate.m */ = {isa = PBXFileReference; lastKnownFileType = sourcecode.c.objc; path = ChangeViewTestAppDelegate.m; sourceTree = "<group>"; };
		62E1A3961569BCAC00E5AEE2 /* en */ = {isa = PBXFileReference; lastKnownFileType = file.storyboard; name = en; path = en.lproj/MainStoryboard.storyboard; sourceTree = "<group>"; };
		62E1A3981569BCAC00E5AEE2 /* ChangeViewTestViewController.h */ = {isa = PBXFileReference; lastKnownFileType = sourcecode.c.h; path = ChangeViewTestViewController.h; sourceTree = "<group>"; };
		62E1A3991569BCAC00E5AEE2 /* ChangeViewTestViewController.m */ = {isa = PBXFileReference; lastKnownFileType = sourcecode.c.objc; path = ChangeViewTestViewController.m; sourceTree = "<group>"; };
/* End PBXFileReference section */

/* Begin PBXFrameworksBuildPhase section */
		62E1A37C1569BCAC00E5AEE2 /* Frameworks */ = {
			isa = PBXFrameworksBuildPhase;
			buildActionMask = 2147483647;
			files = (
				62E1A3841569BCAC00E5AEE2 /* UIKit.framework in Frameworks */,
				62E1A3861569BCAC00E5AEE2 /* Foundation.framework in Frameworks */,
				62E1A3881569BCAC00E5AEE2 /* CoreGraphics.framework in Frameworks */,
			);
			runOnlyForDeploymentPostprocessing = 0;
		};
/* End PBXFrameworksBuildPhase section */

/* Begin PBXGroup section */
		62E1A3741569BCAC00E5AEE2 = {
			isa = PBXGroup;
			children = (
				62E1A3891569BCAC00E5AEE2 /* ChangeViewTest */,
				62E1A3821569BCAC00E5AEE2 /* Frameworks */,
				62E1A3801569BCAC00E5AEE2 /* Products */,
			);
			sourceTree = "<group>";
		};
		62E1A3801569BCAC00E5AEE2 /* Products */ = {
			isa = PBXGroup;
			children = (
				62E1A37F1569BCAC00E5AEE2 /* ChangeViewTest.app */,
			);
			name = Products;
			sourceTree = "<group>";
		};
		62E1A3821569BCAC00E5AEE2 /* Frameworks */ = {
			isa = PBXGroup;
			children = (
				62E1A3831569BCAC00E5AEE2 /* UIKit.framework */,
				62E1A3851569BCAC00E5AEE2 /* Foundation.framework */,
				62E1A3871569BCAC00E5AEE2 /* CoreGraphics.framework */,
			);
			name = Frameworks;
			sourceTree = "<group>";
		};
		62E1A3891569BCAC00E5AEE2 /* ChangeViewTest */ = {
			isa = PBXGroup;
			children = (
				62E1A3921569BCAC00E5AEE2 /* ChangeViewTestAppDelegate.h */,
				62E1A3931569BCAC00E5AEE2 /* ChangeViewTestAppDelegate.m */,
				62E1A3951569BCAC00E5AEE2 /* MainStoryboard.storyboard */,
				62E1A3981569BCAC00E5AEE2 /* ChangeViewTestViewController.h */,
				62E1A3991569BCAC00E5AEE2 /* ChangeViewTestViewController.m */,
				62E1A38A1569BCAC00E5AEE2 /* Supporting Files */,
			);
			path = ChangeViewTest;
			sourceTree = "<group>";
		};
		62E1A38A1569BCAC00E5AEE2 /* Supporting Files */ = {
			isa = PBXGroup;
			children = (
				62E1A38B1569BCAC00E5AEE2 /* ChangeViewTest-Info.plist */,
				62E1A38C1569BCAC00E5AEE2 /* InfoPlist.strings */,
				62E1A38F1569BCAC00E5AEE2 /* main.m */,
				62E1A3911569BCAC00E5AEE2 /* ChangeViewTest-Prefix.pch */,
			);
			name = "Supporting Files";
			sourceTree = "<group>";
		};
/* End PBXGroup section */

/* Begin PBXNativeTarget section */
		62E1A37E1569BCAC00E5AEE2 /* ChangeViewTest */ = {
			isa = PBXNativeTarget;
			buildConfigurationList = 62E1A39D1569BCAC00E5AEE2 /* Build configuration list for PBXNativeTarget "ChangeViewTest" */;
			buildPhases = (
				62E1A37B1569BCAC00E5AEE2 /* Sources */,
				62E1A37C1569BCAC00E5AEE2 /* Frameworks */,
				62E1A37D1569BCAC00E5AEE2 /* Resources */,
			);
			buildRules = (
			);
			dependencies = (
			);
			name = ChangeViewTest;
			productName = ChangeViewTest;
			productReference = 62E1A37F1569BCAC00E5AEE2 /* ChangeViewTest.app */;
			productType = "com.apple.product-type.application";
		};
/* End PBXNativeTarget section */

/* Begin PBXProject section */
		62E1A3761569BCAC00E5AEE2 /* Project object */ = {
			isa = PBXProject;
			attributes = {
				CLASSPREFIX = ChangeViewTest;
				LastUpgradeCheck = 0430;
				ORGANIZATIONNAME = "小松電機産業株式会社";
			};
			buildConfigurationList = 62E1A3791569BCAC00E5AEE2 /* Build configuration list for PBXProject "ChangeViewTest" */;
			compatibilityVersion = "Xcode 3.2";
			developmentRegion = English;
			hasScannedForEncodings = 0;
			knownRegions = (
				en,
			);
			mainGroup = 62E1A3741569BCAC00E5AEE2;
			productRefGroup = 62E1A3801569BCAC00E5AEE2 /* Products */;
			projectDirPath = "";
			projectRoot = "";
			targets = (
				62E1A37E1569BCAC00E5AEE2 /* ChangeViewTest */,
			);
		};
/* End PBXProject section */

/* Begin PBXResourcesBuildPhase section */
		62E1A37D1569BCAC00E5AEE2 /* Resources */ = {
			isa = PBXResourcesBuildPhase;
			buildActionMask = 2147483647;
			files = (
				62E1A38E1569BCAC00E5AEE2 /* InfoPlist.strings in Resources */,
				62E1A3971569BCAC00E5AEE2 /* MainStoryboard.storyboard in Resources */,
			);
			runOnlyForDeploymentPostprocessing = 0;
		};
/* End PBXResourcesBuildPhase section */

/* Begin PBXSourcesBuildPhase section */
		62E1A37B1569BCAC00E5AEE2 /* Sources */ = {
			isa = PBXSourcesBuildPhase;
			buildActionMask = 2147483647;
			files = (
				62E1A3901569BCAC00E5AEE2 /* main.m in Sources */,
				62E1A3941569BCAC00E5AEE2 /* ChangeViewTestAppDelegate.m in Sources */,
				62E1A39A1569BCAC00E5AEE2 /* ChangeViewTestViewController.m in Sources */,
			);
			runOnlyForDeploymentPostprocessing = 0;
		};
/* End PBXSourcesBuildPhase section */

/* Begin PBXVariantGroup section */
		62E1A38C1569BCAC00E5AEE2 /* InfoPlist.strings */ = {
			isa = PBXVariantGroup;
			children = (
				62E1A38D1569BCAC00E5AEE2 /* en */,
			);
			name = InfoPlist.strings;
			sourceTree = "<group>";
		};
		62E1A3951569BCAC00E5AEE2 /* MainStoryboard.storyboard */ = {
			isa = PBXVariantGroup;
			children = (
				62E1A3961569BCAC00E5AEE2 /* en */,
			);
			name = MainStoryboard.storyboard;
			sourceTree = "<group>";
		};
/* End PBXVariantGroup section */

/* Begin XCBuildConfiguration section */
		62E1A39B1569BCAC00E5AEE2 /* Debug */ = {
			isa = XCBuildConfiguration;
			buildSettings = {
				ALWAYS_SEARCH_USER_PATHS = NO;
				ARCHS = "$(ARCHS_STANDARD_32_BIT)";
				CLANG_ENABLE_OBJC_ARC = YES;
				"CODE_SIGN_IDENTITY[sdk=iphoneos*]" = "iPhone Developer";
				COPY_PHASE_STRIP = NO;
				GCC_C_LANGUAGE_STANDARD = gnu99;
				GCC_DYNAMIC_NO_PIC = NO;
				GCC_OPTIMIZATION_LEVEL = 0;
				GCC_PREPROCESSOR_DEFINITIONS = (
					"DEBUG=1",
					"$(inherited)",
				);
				GCC_SYMBOLS_PRIVATE_EXTERN = NO;
				GCC_VERSION = com.apple.compilers.llvm.clang.1_0;
				GCC_WARN_ABOUT_RETURN_TYPE = YES;
				GCC_WARN_UNINITIALIZED_AUTOS = YES;
				GCC_WARN_UNUSED_VARIABLE = YES;
				IPHONEOS_DEPLOYMENT_TARGET = 5.1;
				SDKROOT = iphoneos;
			};
			name = Debug;
		};
		62E1A39C1569BCAC00E5AEE2 /* Release */ = {
			isa = XCBuildConfiguration;
			buildSettings = {
				ALWAYS_SEARCH_USER_PATHS = NO;
				ARCHS = "$(ARCHS_STANDARD_32_BIT)";
				CLANG_ENABLE_OBJC_ARC = YES;
				"CODE_SIGN_IDENTITY[sdk=iphoneos*]" = "iPhone Developer";
				COPY_PHASE_STRIP = YES;
				GCC_C_LANGUAGE_STANDARD = gnu99;
				GCC_VERSION = com.apple.compilers.llvm.clang.1_0;
				GCC_WARN_ABOUT_RETURN_TYPE = YES;
				GCC_WARN_UNINITIALIZED_AUTOS = YES;
				GCC_WARN_UNUSED_VARIABLE = YES;
				IPHONEOS_DEPLOYMENT_TARGET = 5.1;
				OTHER_CFLAGS = "-DNS_BLOCK_ASSERTIONS=1";
				SDKROOT = iphoneos;
				VALIDATE_PRODUCT = YES;
			};
			name = Release;
		};
		62E1A39E1569BCAC00E5AEE2 /* Debug */ = {
			isa = XCBuildConfiguration;
			buildSettings = {
				GCC_PRECOMPILE_PREFIX_HEADER = YES;
				GCC_PREFIX_HEADER = "ChangeViewTest/ChangeViewTest-Prefix.pch";
				INFOPLIST_FILE = "ChangeViewTest/ChangeViewTest-Info.plist";
				PRODUCT_NAME = "$(TARGET_NAME)";
				WRAPPER_EXTENSION = app;
			};
			name = Debug;
		};
		62E1A39F1569BCAC00E5AEE2 /* Release */ = {
			isa = XCBuildConfiguration;
			buildSettings = {
				GCC_PRECOMPILE_PREFIX_HEADER = YES;
				GCC_PREFIX_HEADER = "ChangeViewTest/ChangeViewTest-Prefix.pch";
				INFOPLIST_FILE = "ChangeViewTest/ChangeViewTest-Info.plist";
				PRODUCT_NAME = "$(TARGET_NAME)";
				WRAPPER_EXTENSION = app;
			};
			name = Release;
		};
/* End XCBuildConfiguration section */

/* Begin XCConfigurationList section */
		62E1A3791569BCAC00E5AEE2 /* Build configuration list for PBXProject "ChangeViewTest" */ = {
			isa = XCConfigurationList;
			buildConfigurations = (
				62E1A39B1569BCAC00E5AEE2 /* Debug */,
				62E1A39C1569BCAC00E5AEE2 /* Release */,
			);
			defaultConfigurationIsVisible = 0;
			defaultConfigurationName = Release;
		};
		62E1A39D1569BCAC00E5AEE2 /* Build configuration list for PBXNativeTarget "ChangeViewTest" */ = {
			isa = XCConfigurationList;
			buildConfigurations = (
				62E1A39E1569BCAC00E5AEE2 /* Debug */,
				62E1A39F1569BCAC00E5AEE2 /* Release */,
			);
			defaultConfigurationIsVisible = 0;
		};
/* End XCConfigurationList section */
	};
	rootObject = 62E1A3761569BCAC00E5AEE2 /* Project object */;
}
